// !$*UTF8*$!
{
	archiveVersion = 1;
	classes = {
	};
	objectVersion = 50;
	objects = {

/* Begin PBXBuildFile section */
		930591F3222D01C10005162D /* AppDelegate.swift in Sources */ = {isa = PBXBuildFile; fileRef = 930591F2222D01C10005162D /* AppDelegate.swift */; };
		930591F8222D01C10005162D /* Main.storyboard in Resources */ = {isa = PBXBuildFile; fileRef = 930591F6222D01C10005162D /* Main.storyboard */; };
		930591FA222D01C30005162D /* Assets.xcassets in Resources */ = {isa = PBXBuildFile; fileRef = 930591F9222D01C30005162D /* Assets.xcassets */; };
		930591FD222D01C30005162D /* LaunchScreen.storyboard in Resources */ = {isa = PBXBuildFile; fileRef = 930591FB222D01C30005162D /* LaunchScreen.storyboard */; };
		93059208222D027E0005162D /* HomeViewController.swift in Sources */ = {isa = PBXBuildFile; fileRef = 93059207222D027E0005162D /* HomeViewController.swift */; };
		9305920B222D05E80005162D /* DaumViewController.swift in Sources */ = {isa = PBXBuildFile; fileRef = 9305920A222D05E80005162D /* DaumViewController.swift */; };
		93059211222D089A0005162D /* libc++.tbd in Frameworks */ = {isa = PBXBuildFile; fileRef = 93059210222D089A0005162D /* libc++.tbd */; };
		93059213222D08A40005162D /* libxml2.tbd in Frameworks */ = {isa = PBXBuildFile; fileRef = 93059212222D08A40005162D /* libxml2.tbd */; };
		93059215222D08AE0005162D /* libsqlite3.tbd in Frameworks */ = {isa = PBXBuildFile; fileRef = 93059214222D08AE0005162D /* libsqlite3.tbd */; };
		93059217222D08B80005162D /* QuartzCore.framework in Frameworks */ = {isa = PBXBuildFile; fileRef = 93059216222D08B80005162D /* QuartzCore.framework */; };
		93059219222D08C00005162D /* CoreLocation.framework in Frameworks */ = {isa = PBXBuildFile; fileRef = 93059218222D08C00005162D /* CoreLocation.framework */; };
		9305921B222D08C90005162D /* SystemConfiguration.framework in Frameworks */ = {isa = PBXBuildFile; fileRef = 9305921A222D08C90005162D /* SystemConfiguration.framework */; };
		9305921D222D08D10005162D /* OpenGLES.framework in Frameworks */ = {isa = PBXBuildFile; fileRef = 9305921C222D08D10005162D /* OpenGLES.framework */; };
		93059221222D0C0B0005162D /* PGViewController.swift in Sources */ = {isa = PBXBuildFile; fileRef = 93059220222D0C0B0005162D /* PGViewController.swift */; };
		9305F055223A77C200FFDF57 /* WaplaceExpertDetailViewController.swift in Sources */ = {isa = PBXBuildFile; fileRef = 9305F054223A77C200FFDF57 /* WaplaceExpertDetailViewController.swift */; };
		9352FE2D222F5B5A001AD9F8 /* ReactorKitViewController.swift in Sources */ = {isa = PBXBuildFile; fileRef = 9352FE2C222F5B5A001AD9F8 /* ReactorKitViewController.swift */; };
		9352FE31222F5B7A001AD9F8 /* ReactorKitReactor.swift in Sources */ = {isa = PBXBuildFile; fileRef = 9352FE30222F5B7A001AD9F8 /* ReactorKitReactor.swift */; };
		9352FE34222F68E6001AD9F8 /* UIView+Extension.swift in Sources */ = {isa = PBXBuildFile; fileRef = 9352FE33222F68E6001AD9F8 /* UIView+Extension.swift */; };
		9352FE37222F7A49001AD9F8 /* PhotoListViewController.swift in Sources */ = {isa = PBXBuildFile; fileRef = 9352FE36222F7A49001AD9F8 /* PhotoListViewController.swift */; };
		9352FE39222F7AA6001AD9F8 /* PhotoListViewReactor.swift in Sources */ = {isa = PBXBuildFile; fileRef = 9352FE38222F7AA6001AD9F8 /* PhotoListViewReactor.swift */; };
		9352FE3C222F7B1D001AD9F8 /* Photos.swift in Sources */ = {isa = PBXBuildFile; fileRef = 9352FE3B222F7B1D001AD9F8 /* Photos.swift */; };
		9352FE3E222F7BA5001AD9F8 /* Photo.swift in Sources */ = {isa = PBXBuildFile; fileRef = 9352FE3D222F7BA5001AD9F8 /* Photo.swift */; };
		9352FE41222F7EFE001AD9F8 /* AppService.swift in Sources */ = {isa = PBXBuildFile; fileRef = 9352FE40222F7EFE001AD9F8 /* AppService.swift */; };
		9352FE43222F8303001AD9F8 /* PhotoCell.swift in Sources */ = {isa = PBXBuildFile; fileRef = 9352FE42222F8303001AD9F8 /* PhotoCell.swift */; };
		9352FE45222F86E7001AD9F8 /* DetailViewController.swift in Sources */ = {isa = PBXBuildFile; fileRef = 9352FE44222F86E7001AD9F8 /* DetailViewController.swift */; };
		9352FE48222F93BD001AD9F8 /* AppleMapViewController.swift in Sources */ = {isa = PBXBuildFile; fileRef = 9352FE47222F93BD001AD9F8 /* AppleMapViewController.swift */; };
		9352FE4A222F9417001AD9F8 /* MapKit.framework in Frameworks */ = {isa = PBXBuildFile; fileRef = 9352FE49222F9417001AD9F8 /* MapKit.framework */; };
		9357BF042239D9C8004148F1 /* PHAsset+Extension.swift in Sources */ = {isa = PBXBuildFile; fileRef = 9357BF032239D9C8004148F1 /* PHAsset+Extension.swift */; };
		9357BF062239E590004148F1 /* AlbumSideViewContoller.swift in Sources */ = {isa = PBXBuildFile; fileRef = 9357BF052239E590004148F1 /* AlbumSideViewContoller.swift */; };
		9357BF082239EC48004148F1 /* WaPlaceViewController.swift in Sources */ = {isa = PBXBuildFile; fileRef = 9357BF072239EC48004148F1 /* WaPlaceViewController.swift */; };
		9357BF0B2239ED79004148F1 /* WaPlaceSearchViewController.swift in Sources */ = {isa = PBXBuildFile; fileRef = 9357BF0A2239ED79004148F1 /* WaPlaceSearchViewController.swift */; };
		9357BF0D2239F199004148F1 /* UIColor+Extension.swift in Sources */ = {isa = PBXBuildFile; fileRef = 9357BF0C2239F199004148F1 /* UIColor+Extension.swift */; };
		9357BF10223A1F1C004148F1 /* WaplaceTableViewCell.swift in Sources */ = {isa = PBXBuildFile; fileRef = 9357BF0F223A1F1C004148F1 /* WaplaceTableViewCell.swift */; };
		9357BF13223A21D6004148F1 /* WaplaceMainTableModel.swift in Sources */ = {isa = PBXBuildFile; fileRef = 9357BF12223A21D6004148F1 /* WaplaceMainTableModel.swift */; };
		9357BF15223A30CE004148F1 /* WaplaceExpertViewController.swift in Sources */ = {isa = PBXBuildFile; fileRef = 9357BF14223A30CE004148F1 /* WaplaceExpertViewController.swift */; };
		9357BF17223A3337004148F1 /* WaplaceExpertTableViewCell.swift in Sources */ = {isa = PBXBuildFile; fileRef = 9357BF16223A3337004148F1 /* WaplaceExpertTableViewCell.swift */; };
		9357BF19223A376B004148F1 /* WaplaceExpertCellModel.swift in Sources */ = {isa = PBXBuildFile; fileRef = 9357BF18223A376B004148F1 /* WaplaceExpertCellModel.swift */; };
		935F12DE222D37B300D3D4B1 /* Bridge.m in Sources */ = {isa = PBXBuildFile; fileRef = 935F12DD222D37B300D3D4B1 /* Bridge.m */; };
		938ACD48223095E600EAAFDF /* ChatViewController.swift in Sources */ = {isa = PBXBuildFile; fileRef = 938ACD47223095E600EAAFDF /* ChatViewController.swift */; };
		938ACD4A223095F900EAAFDF /* ChatViewReactor.swift in Sources */ = {isa = PBXBuildFile; fileRef = 938ACD49223095F900EAAFDF /* ChatViewReactor.swift */; };
		938ACD562230ACEE00EAAFDF /* DanbeeMoya.swift in Sources */ = {isa = PBXBuildFile; fileRef = 938ACD552230ACEE00EAAFDF /* DanbeeMoya.swift */; };
		938ACD582230AFE600EAAFDF /* DanbeeService.swift in Sources */ = {isa = PBXBuildFile; fileRef = 938ACD572230AFE600EAAFDF /* DanbeeService.swift */; };
		938ACD5A2230B9C600EAAFDF /* DanbeeWelcomeModel.swift in Sources */ = {isa = PBXBuildFile; fileRef = 938ACD592230B9C600EAAFDF /* DanbeeWelcomeModel.swift */; };
		938ACD6122310AC300EAAFDF /* BubbleModel.swift in Sources */ = {isa = PBXBuildFile; fileRef = 938ACD6022310AC300EAAFDF /* BubbleModel.swift */; };
		938C9E552231F089002CA72F /* MyDanbeeCell.swift in Sources */ = {isa = PBXBuildFile; fileRef = 938C9E542231F089002CA72F /* MyDanbeeCell.swift */; };
		938F41C922389CF400D87D4C /* CustomPhotoAlbum.swift in Sources */ = {isa = PBXBuildFile; fileRef = 938F41C822389CF400D87D4C /* CustomPhotoAlbum.swift */; };
		938F41D42238F4DD00D87D4C /* AlbumDetailViewController.swift in Sources */ = {isa = PBXBuildFile; fileRef = 938F41D32238F4DD00D87D4C /* AlbumDetailViewController.swift */; };
		938FA303223794E400A7E3AB /* AlbumViewController.swift in Sources */ = {isa = PBXBuildFile; fileRef = 938FA302223794E400A7E3AB /* AlbumViewController.swift */; };
		938FA3052237982A00A7E3AB /* AlbumCollectionViewCell.swift in Sources */ = {isa = PBXBuildFile; fileRef = 938FA3042237982A00A7E3AB /* AlbumCollectionViewCell.swift */; };
		938FA3072237987A00A7E3AB /* AlbumViewModel.swift in Sources */ = {isa = PBXBuildFile; fileRef = 938FA3062237987A00A7E3AB /* AlbumViewModel.swift */; };
		9395E4AA2236044800E0E6FC /* AiDanbeeCell.swift in Sources */ = {isa = PBXBuildFile; fileRef = 9395E4A92236044800E0E6FC /* AiDanbeeCell.swift */; };
		9395E4AE22361BE300E0E6FC /* ChatRxViewController.swift in Sources */ = {isa = PBXBuildFile; fileRef = 9395E4AD22361BE300E0E6FC /* ChatRxViewController.swift */; };
		9395E4B022361D6400E0E6FC /* ChatViewModel.swift in Sources */ = {isa = PBXBuildFile; fileRef = 9395E4AF22361D6400E0E6FC /* ChatViewModel.swift */; };
		93AA1D592238812B00598E20 /* PhotoModel.swift in Sources */ = {isa = PBXBuildFile; fileRef = 93AA1D582238812B00598E20 /* PhotoModel.swift */; };
		93AEE813222DFA3E00D98DC9 /* DaumMap.framework in Frameworks */ = {isa = PBXBuildFile; fileRef = 93AEE812222DFA3E00D98DC9 /* DaumMap.framework */; };
		93AEE814222DFA3E00D98DC9 /* DaumMap.framework in Embed Frameworks */ = {isa = PBXBuildFile; fileRef = 93AEE812222DFA3E00D98DC9 /* DaumMap.framework */; settings = {ATTRIBUTES = (CodeSignOnCopy, RemoveHeadersOnCopy, ); }; };
		93AEE818222DFA9C00D98DC9 /* custom_poi_marker.png in Resources */ = {isa = PBXBuildFile; fileRef = 93AEE817222DFA9C00D98DC9 /* custom_poi_marker.png */; };
		93AEE81B222DFC0B00D98DC9 /* KakaoViewController.swift in Sources */ = {isa = PBXBuildFile; fileRef = 93AEE81A222DFC0B00D98DC9 /* KakaoViewController.swift */; };
		93AEE820222E310A00D98DC9 /* RxSwiftViewController.swift in Sources */ = {isa = PBXBuildFile; fileRef = 93AEE81F222E310A00D98DC9 /* RxSwiftViewController.swift */; };
		93AEE822222E694A00D98DC9 /* ViewModel.swift in Sources */ = {isa = PBXBuildFile; fileRef = 93AEE821222E694A00D98DC9 /* ViewModel.swift */; };
		93C821BB223B6DDD002285BC /* InnerReviewTableViewCell.swift in Sources */ = {isa = PBXBuildFile; fileRef = 93C821BA223B6DDD002285BC /* InnerReviewTableViewCell.swift */; };
		93C821BE223B8067002285BC /* InnerPortfolioCollectionCell.swift in Sources */ = {isa = PBXBuildFile; fileRef = 93C821BD223B8067002285BC /* InnerPortfolioCollectionCell.swift */; };
		F7BFCA8001D9A22F1F8D0437 /* Pods_SwiftPayMap.framework in Frameworks */ = {isa = PBXBuildFile; fileRef = C7AA2E900C4A200F043EFDF0 /* Pods_SwiftPayMap.framework */; };
/* End PBXBuildFile section */

/* Begin PBXCopyFilesBuildPhase section */
		93AEE815222DFA3E00D98DC9 /* Embed Frameworks */ = {
			isa = PBXCopyFilesBuildPhase;
			buildActionMask = 2147483647;
			dstPath = "";
			dstSubfolderSpec = 10;
			files = (
				93AEE814222DFA3E00D98DC9 /* DaumMap.framework in Embed Frameworks */,
			);
			name = "Embed Frameworks";
			runOnlyForDeploymentPostprocessing = 0;
		};
/* End PBXCopyFilesBuildPhase section */

/* Begin PBXFileReference section */
		930591EF222D01C10005162D /* SwiftPayMap.app */ = {isa = PBXFileReference; explicitFileType = wrapper.application; includeInIndex = 0; path = SwiftPayMap.app; sourceTree = BUILT_PRODUCTS_DIR; };
		930591F2222D01C10005162D /* AppDelegate.swift */ = {isa = PBXFileReference; lastKnownFileType = sourcecode.swift; path = AppDelegate.swift; sourceTree = "<group>"; };
		930591F7222D01C10005162D /* Base */ = {isa = PBXFileReference; lastKnownFileType = file.storyboard; name = Base; path = Base.lproj/Main.storyboard; sourceTree = "<group>"; };
		930591F9222D01C30005162D /* Assets.xcassets */ = {isa = PBXFileReference; lastKnownFileType = folder.assetcatalog; path = Assets.xcassets; sourceTree = "<group>"; };
		930591FC222D01C30005162D /* Base */ = {isa = PBXFileReference; lastKnownFileType = file.storyboard; name = Base; path = Base.lproj/LaunchScreen.storyboard; sourceTree = "<group>"; };
		930591FE222D01C30005162D /* Info.plist */ = {isa = PBXFileReference; lastKnownFileType = text.plist.xml; path = Info.plist; sourceTree = "<group>"; };
		93059207222D027E0005162D /* HomeViewController.swift */ = {isa = PBXFileReference; lastKnownFileType = sourcecode.swift; path = HomeViewController.swift; sourceTree = "<group>"; };
		9305920A222D05E80005162D /* DaumViewController.swift */ = {isa = PBXFileReference; lastKnownFileType = sourcecode.swift; path = DaumViewController.swift; sourceTree = "<group>"; };
		93059210222D089A0005162D /* libc++.tbd */ = {isa = PBXFileReference; lastKnownFileType = "sourcecode.text-based-dylib-definition"; name = "libc++.tbd"; path = "usr/lib/libc++.tbd"; sourceTree = SDKROOT; };
		93059212222D08A40005162D /* libxml2.tbd */ = {isa = PBXFileReference; lastKnownFileType = "sourcecode.text-based-dylib-definition"; name = libxml2.tbd; path = usr/lib/libxml2.tbd; sourceTree = SDKROOT; };
		93059214222D08AE0005162D /* libsqlite3.tbd */ = {isa = PBXFileReference; lastKnownFileType = "sourcecode.text-based-dylib-definition"; name = libsqlite3.tbd; path = usr/lib/libsqlite3.tbd; sourceTree = SDKROOT; };
		93059216222D08B80005162D /* QuartzCore.framework */ = {isa = PBXFileReference; lastKnownFileType = wrapper.framework; name = QuartzCore.framework; path = System/Library/Frameworks/QuartzCore.framework; sourceTree = SDKROOT; };
		93059218222D08C00005162D /* CoreLocation.framework */ = {isa = PBXFileReference; lastKnownFileType = wrapper.framework; name = CoreLocation.framework; path = System/Library/Frameworks/CoreLocation.framework; sourceTree = SDKROOT; };
		9305921A222D08C90005162D /* SystemConfiguration.framework */ = {isa = PBXFileReference; lastKnownFileType = wrapper.framework; name = SystemConfiguration.framework; path = System/Library/Frameworks/SystemConfiguration.framework; sourceTree = SDKROOT; };
		9305921C222D08D10005162D /* OpenGLES.framework */ = {isa = PBXFileReference; lastKnownFileType = wrapper.framework; name = OpenGLES.framework; path = System/Library/Frameworks/OpenGLES.framework; sourceTree = SDKROOT; };
		93059220222D0C0B0005162D /* PGViewController.swift */ = {isa = PBXFileReference; lastKnownFileType = sourcecode.swift; path = PGViewController.swift; sourceTree = "<group>"; };
		9305F054223A77C200FFDF57 /* WaplaceExpertDetailViewController.swift */ = {isa = PBXFileReference; lastKnownFileType = sourcecode.swift; path = WaplaceExpertDetailViewController.swift; sourceTree = "<group>"; };
		9352FE2C222F5B5A001AD9F8 /* ReactorKitViewController.swift */ = {isa = PBXFileReference; lastKnownFileType = sourcecode.swift; path = ReactorKitViewController.swift; sourceTree = "<group>"; };
		9352FE30222F5B7A001AD9F8 /* ReactorKitReactor.swift */ = {isa = PBXFileReference; lastKnownFileType = sourcecode.swift; path = ReactorKitReactor.swift; sourceTree = "<group>"; };
		9352FE33222F68E6001AD9F8 /* UIView+Extension.swift */ = {isa = PBXFileReference; lastKnownFileType = sourcecode.swift; path = "UIView+Extension.swift"; sourceTree = "<group>"; };
		9352FE36222F7A49001AD9F8 /* PhotoListViewController.swift */ = {isa = PBXFileReference; lastKnownFileType = sourcecode.swift; path = PhotoListViewController.swift; sourceTree = "<group>"; };
		9352FE38222F7AA6001AD9F8 /* PhotoListViewReactor.swift */ = {isa = PBXFileReference; lastKnownFileType = sourcecode.swift; path = PhotoListViewReactor.swift; sourceTree = "<group>"; };
		9352FE3B222F7B1D001AD9F8 /* Photos.swift */ = {isa = PBXFileReference; lastKnownFileType = sourcecode.swift; path = Photos.swift; sourceTree = "<group>"; };
		9352FE3D222F7BA5001AD9F8 /* Photo.swift */ = {isa = PBXFileReference; lastKnownFileType = sourcecode.swift; path = Photo.swift; sourceTree = "<group>"; };
		9352FE40222F7EFE001AD9F8 /* AppService.swift */ = {isa = PBXFileReference; lastKnownFileType = sourcecode.swift; path = AppService.swift; sourceTree = "<group>"; };
		9352FE42222F8303001AD9F8 /* PhotoCell.swift */ = {isa = PBXFileReference; lastKnownFileType = sourcecode.swift; path = PhotoCell.swift; sourceTree = "<group>"; };
		9352FE44222F86E7001AD9F8 /* DetailViewController.swift */ = {isa = PBXFileReference; lastKnownFileType = sourcecode.swift; path = DetailViewController.swift; sourceTree = "<group>"; };
		9352FE47222F93BD001AD9F8 /* AppleMapViewController.swift */ = {isa = PBXFileReference; lastKnownFileType = sourcecode.swift; path = AppleMapViewController.swift; sourceTree = "<group>"; };
		9352FE49222F9417001AD9F8 /* MapKit.framework */ = {isa = PBXFileReference; lastKnownFileType = wrapper.framework; name = MapKit.framework; path = System/Library/Frameworks/MapKit.framework; sourceTree = SDKROOT; };
		9357BF032239D9C8004148F1 /* PHAsset+Extension.swift */ = {isa = PBXFileReference; lastKnownFileType = sourcecode.swift; path = "PHAsset+Extension.swift"; sourceTree = "<group>"; };
		9357BF052239E590004148F1 /* AlbumSideViewContoller.swift */ = {isa = PBXFileReference; lastKnownFileType = sourcecode.swift; path = AlbumSideViewContoller.swift; sourceTree = "<group>"; };
		9357BF072239EC48004148F1 /* WaPlaceViewController.swift */ = {isa = PBXFileReference; lastKnownFileType = sourcecode.swift; path = WaPlaceViewController.swift; sourceTree = "<group>"; };
		9357BF0A2239ED79004148F1 /* WaPlaceSearchViewController.swift */ = {isa = PBXFileReference; lastKnownFileType = sourcecode.swift; path = WaPlaceSearchViewController.swift; sourceTree = "<group>"; };
		9357BF0C2239F199004148F1 /* UIColor+Extension.swift */ = {isa = PBXFileReference; lastKnownFileType = sourcecode.swift; path = "UIColor+Extension.swift"; sourceTree = "<group>"; };
		9357BF0F223A1F1C004148F1 /* WaplaceTableViewCell.swift */ = {isa = PBXFileReference; lastKnownFileType = sourcecode.swift; path = WaplaceTableViewCell.swift; sourceTree = "<group>"; };
		9357BF12223A21D6004148F1 /* WaplaceMainTableModel.swift */ = {isa = PBXFileReference; lastKnownFileType = sourcecode.swift; path = WaplaceMainTableModel.swift; sourceTree = "<group>"; };
		9357BF14223A30CE004148F1 /* WaplaceExpertViewController.swift */ = {isa = PBXFileReference; lastKnownFileType = sourcecode.swift; path = WaplaceExpertViewController.swift; sourceTree = "<group>"; };
		9357BF16223A3337004148F1 /* WaplaceExpertTableViewCell.swift */ = {isa = PBXFileReference; lastKnownFileType = sourcecode.swift; path = WaplaceExpertTableViewCell.swift; sourceTree = "<group>"; };
		9357BF18223A376B004148F1 /* WaplaceExpertCellModel.swift */ = {isa = PBXFileReference; lastKnownFileType = sourcecode.swift; path = WaplaceExpertCellModel.swift; sourceTree = "<group>"; };
		935F12DC222D37B200D3D4B1 /* SwiftPayMap-Bridging-Header.h */ = {isa = PBXFileReference; lastKnownFileType = sourcecode.c.h; path = "SwiftPayMap-Bridging-Header.h"; sourceTree = "<group>"; };
		935F12DD222D37B300D3D4B1 /* Bridge.m */ = {isa = PBXFileReference; lastKnownFileType = sourcecode.c.objc; path = Bridge.m; sourceTree = "<group>"; };
		938ACD47223095E600EAAFDF /* ChatViewController.swift */ = {isa = PBXFileReference; lastKnownFileType = sourcecode.swift; path = ChatViewController.swift; sourceTree = "<group>"; };
		938ACD49223095F900EAAFDF /* ChatViewReactor.swift */ = {isa = PBXFileReference; lastKnownFileType = sourcecode.swift; path = ChatViewReactor.swift; sourceTree = "<group>"; };
		938ACD552230ACEE00EAAFDF /* DanbeeMoya.swift */ = {isa = PBXFileReference; lastKnownFileType = sourcecode.swift; path = DanbeeMoya.swift; sourceTree = "<group>"; };
		938ACD572230AFE600EAAFDF /* DanbeeService.swift */ = {isa = PBXFileReference; lastKnownFileType = sourcecode.swift; path = DanbeeService.swift; sourceTree = "<group>"; };
		938ACD592230B9C600EAAFDF /* DanbeeWelcomeModel.swift */ = {isa = PBXFileReference; lastKnownFileType = sourcecode.swift; path = DanbeeWelcomeModel.swift; sourceTree = "<group>"; };
		938ACD6022310AC300EAAFDF /* BubbleModel.swift */ = {isa = PBXFileReference; lastKnownFileType = sourcecode.swift; path = BubbleModel.swift; sourceTree = "<group>"; };
		938C9E542231F089002CA72F /* MyDanbeeCell.swift */ = {isa = PBXFileReference; lastKnownFileType = sourcecode.swift; path = MyDanbeeCell.swift; sourceTree = "<group>"; };
		938F41C822389CF400D87D4C /* CustomPhotoAlbum.swift */ = {isa = PBXFileReference; lastKnownFileType = sourcecode.swift; path = CustomPhotoAlbum.swift; sourceTree = "<group>"; };
		938F41D32238F4DD00D87D4C /* AlbumDetailViewController.swift */ = {isa = PBXFileReference; lastKnownFileType = sourcecode.swift; path = AlbumDetailViewController.swift; sourceTree = "<group>"; };
		938FA302223794E400A7E3AB /* AlbumViewController.swift */ = {isa = PBXFileReference; lastKnownFileType = sourcecode.swift; path = AlbumViewController.swift; sourceTree = "<group>"; };
		938FA3042237982A00A7E3AB /* AlbumCollectionViewCell.swift */ = {isa = PBXFileReference; lastKnownFileType = sourcecode.swift; path = AlbumCollectionViewCell.swift; sourceTree = "<group>"; };
		938FA3062237987A00A7E3AB /* AlbumViewModel.swift */ = {isa = PBXFileReference; lastKnownFileType = sourcecode.swift; path = AlbumViewModel.swift; sourceTree = "<group>"; };
		9395E4A92236044800E0E6FC /* AiDanbeeCell.swift */ = {isa = PBXFileReference; fileEncoding = 4; lastKnownFileType = sourcecode.swift; path = AiDanbeeCell.swift; sourceTree = "<group>"; };
		9395E4AD22361BE300E0E6FC /* ChatRxViewController.swift */ = {isa = PBXFileReference; lastKnownFileType = sourcecode.swift; path = ChatRxViewController.swift; sourceTree = "<group>"; };
		9395E4AF22361D6400E0E6FC /* ChatViewModel.swift */ = {isa = PBXFileReference; lastKnownFileType = sourcecode.swift; path = ChatViewModel.swift; sourceTree = "<group>"; };
		93AA1D582238812B00598E20 /* PhotoModel.swift */ = {isa = PBXFileReference; lastKnownFileType = sourcecode.swift; path = PhotoModel.swift; sourceTree = "<group>"; };
		93AEE812222DFA3E00D98DC9 /* DaumMap.framework */ = {isa = PBXFileReference; lastKnownFileType = wrapper.framework; path = DaumMap.framework; sourceTree = "<group>"; };
		93AEE817222DFA9C00D98DC9 /* custom_poi_marker.png */ = {isa = PBXFileReference; lastKnownFileType = image.png; path = custom_poi_marker.png; sourceTree = "<group>"; };
		93AEE81A222DFC0B00D98DC9 /* KakaoViewController.swift */ = {isa = PBXFileReference; lastKnownFileType = sourcecode.swift; path = KakaoViewController.swift; sourceTree = "<group>"; };
		93AEE81F222E310A00D98DC9 /* RxSwiftViewController.swift */ = {isa = PBXFileReference; lastKnownFileType = sourcecode.swift; path = RxSwiftViewController.swift; sourceTree = "<group>"; };
		93AEE821222E694A00D98DC9 /* ViewModel.swift */ = {isa = PBXFileReference; lastKnownFileType = sourcecode.swift; path = ViewModel.swift; sourceTree = "<group>"; };
		93C821BA223B6DDD002285BC /* InnerReviewTableViewCell.swift */ = {isa = PBXFileReference; lastKnownFileType = sourcecode.swift; path = InnerReviewTableViewCell.swift; sourceTree = "<group>"; };
		93C821BD223B8067002285BC /* InnerPortfolioCollectionCell.swift */ = {isa = PBXFileReference; lastKnownFileType = sourcecode.swift; path = InnerPortfolioCollectionCell.swift; sourceTree = "<group>"; };
		A22119C7DC3D011C7DDC51E6 /* Pods-SwiftPayMap.release.xcconfig */ = {isa = PBXFileReference; includeInIndex = 1; lastKnownFileType = text.xcconfig; name = "Pods-SwiftPayMap.release.xcconfig"; path = "Target Support Files/Pods-SwiftPayMap/Pods-SwiftPayMap.release.xcconfig"; sourceTree = "<group>"; };
		C7AA2E900C4A200F043EFDF0 /* Pods_SwiftPayMap.framework */ = {isa = PBXFileReference; explicitFileType = wrapper.framework; includeInIndex = 0; path = Pods_SwiftPayMap.framework; sourceTree = BUILT_PRODUCTS_DIR; };
		E1E022A065FA5D5832C4FA45 /* Pods-SwiftPayMap.debug.xcconfig */ = {isa = PBXFileReference; includeInIndex = 1; lastKnownFileType = text.xcconfig; name = "Pods-SwiftPayMap.debug.xcconfig"; path = "Target Support Files/Pods-SwiftPayMap/Pods-SwiftPayMap.debug.xcconfig"; sourceTree = "<group>"; };
/* End PBXFileReference section */

/* Begin PBXFrameworksBuildPhase section */
		930591EC222D01C10005162D /* Frameworks */ = {
			isa = PBXFrameworksBuildPhase;
			buildActionMask = 2147483647;
			files = (
				9305921D222D08D10005162D /* OpenGLES.framework in Frameworks */,
				9305921B222D08C90005162D /* SystemConfiguration.framework in Frameworks */,
				9352FE4A222F9417001AD9F8 /* MapKit.framework in Frameworks */,
				93059219222D08C00005162D /* CoreLocation.framework in Frameworks */,
				93059217222D08B80005162D /* QuartzCore.framework in Frameworks */,
				93059215222D08AE0005162D /* libsqlite3.tbd in Frameworks */,
				93059213222D08A40005162D /* libxml2.tbd in Frameworks */,
				93059211222D089A0005162D /* libc++.tbd in Frameworks */,
				93AEE813222DFA3E00D98DC9 /* DaumMap.framework in Frameworks */,
				F7BFCA8001D9A22F1F8D0437 /* Pods_SwiftPayMap.framework in Frameworks */,
			);
			runOnlyForDeploymentPostprocessing = 0;
		};
/* End PBXFrameworksBuildPhase section */

/* Begin PBXGroup section */
		930591E6222D01C10005162D = {
			isa = PBXGroup;
			children = (
				93AEE812222DFA3E00D98DC9 /* DaumMap.framework */,
				930591F1222D01C10005162D /* SwiftPayMap */,
				930591F0222D01C10005162D /* Products */,
				E58E5322D9AF241D695D95FB /* Pods */,
				A3EB3F74A02BADA958DCC941 /* Frameworks */,
			);
			sourceTree = "<group>";
		};
		930591F0222D01C10005162D /* Products */ = {
			isa = PBXGroup;
			children = (
				930591EF222D01C10005162D /* SwiftPayMap.app */,
			);
			name = Products;
			sourceTree = "<group>";
		};
		930591F1222D01C10005162D /* SwiftPayMap */ = {
			isa = PBXGroup;
			children = (
				9352FE32222F68D4001AD9F8 /* extension */,
				93AEE816222DFA7E00D98DC9 /* resources */,
				93059204222D022F0005162D /* main */,
				930591F2222D01C10005162D /* AppDelegate.swift */,
				930591F6222D01C10005162D /* Main.storyboard */,
				930591F9222D01C30005162D /* Assets.xcassets */,
				930591FB222D01C30005162D /* LaunchScreen.storyboard */,
				930591FE222D01C30005162D /* Info.plist */,
				935F12DD222D37B300D3D4B1 /* Bridge.m */,
				935F12DC222D37B200D3D4B1 /* SwiftPayMap-Bridging-Header.h */,
			);
			path = SwiftPayMap;
			sourceTree = "<group>";
		};
		93059204222D022F0005162D /* main */ = {
			isa = PBXGroup;
			children = (
				9357BF092239EC4F004148F1 /* waplace */,
				938FA301223794D400A7E3AB /* album */,
				9352FE4B222FBE91001AD9F8 /* danbee */,
				9352FE46222F93B0001AD9F8 /* apple_map */,
				9352FE35222F7A21001AD9F8 /* flickr_search */,
				9352FE2B222F5B40001AD9F8 /* reactor */,
				93AEE81C222E29EC00D98DC9 /* rx_swift */,
				93AEE819222DFBFD00D98DC9 /* kakao_facebook */,
				9305921F222D0C020005162D /* pg */,
				93059209222D05D80005162D /* daum */,
				93059207222D027E0005162D /* HomeViewController.swift */,
			);
			path = main;
			sourceTree = "<group>";
		};
		93059209222D05D80005162D /* daum */ = {
			isa = PBXGroup;
			children = (
				9305920A222D05E80005162D /* DaumViewController.swift */,
			);
			path = daum;
			sourceTree = "<group>";
		};
		9305921F222D0C020005162D /* pg */ = {
			isa = PBXGroup;
			children = (
				93059220222D0C0B0005162D /* PGViewController.swift */,
			);
			path = pg;
			sourceTree = "<group>";
		};
		9305F056223A77DE00FFDF57 /* expert */ = {
			isa = PBXGroup;
			children = (
				9357BF14223A30CE004148F1 /* WaplaceExpertViewController.swift */,
				9305F054223A77C200FFDF57 /* WaplaceExpertDetailViewController.swift */,
				93C821B9223B6DA1002285BC /* cell */,
			);
			path = expert;
			sourceTree = "<group>";
		};
		9352FE2B222F5B40001AD9F8 /* reactor */ = {
			isa = PBXGroup;
			children = (
				9352FE2C222F5B5A001AD9F8 /* ReactorKitViewController.swift */,
				9352FE30222F5B7A001AD9F8 /* ReactorKitReactor.swift */,
			);
			path = reactor;
			sourceTree = "<group>";
		};
		9352FE32222F68D4001AD9F8 /* extension */ = {
			isa = PBXGroup;
			children = (
				9352FE33222F68E6001AD9F8 /* UIView+Extension.swift */,
				9357BF032239D9C8004148F1 /* PHAsset+Extension.swift */,
				9357BF0C2239F199004148F1 /* UIColor+Extension.swift */,
			);
			path = extension;
			sourceTree = "<group>";
		};
		9352FE35222F7A21001AD9F8 /* flickr_search */ = {
			isa = PBXGroup;
			children = (
				9352FE3F222F7EEB001AD9F8 /* service */,
				9352FE3A222F7AF5001AD9F8 /* models */,
				9352FE36222F7A49001AD9F8 /* PhotoListViewController.swift */,
				9352FE38222F7AA6001AD9F8 /* PhotoListViewReactor.swift */,
				9352FE42222F8303001AD9F8 /* PhotoCell.swift */,
				9352FE44222F86E7001AD9F8 /* DetailViewController.swift */,
			);
			path = flickr_search;
			sourceTree = "<group>";
		};
		9352FE3A222F7AF5001AD9F8 /* models */ = {
			isa = PBXGroup;
			children = (
				9352FE3B222F7B1D001AD9F8 /* Photos.swift */,
				9352FE3D222F7BA5001AD9F8 /* Photo.swift */,
			);
			path = models;
			sourceTree = "<group>";
		};
		9352FE3F222F7EEB001AD9F8 /* service */ = {
			isa = PBXGroup;
			children = (
				9352FE40222F7EFE001AD9F8 /* AppService.swift */,
			);
			path = service;
			sourceTree = "<group>";
		};
		9352FE46222F93B0001AD9F8 /* apple_map */ = {
			isa = PBXGroup;
			children = (
				9352FE47222F93BD001AD9F8 /* AppleMapViewController.swift */,
			);
			path = apple_map;
			sourceTree = "<group>";
		};
		9352FE4B222FBE91001AD9F8 /* danbee */ = {
			isa = PBXGroup;
			children = (
				9395E4AB22361BBD00E0E6FC /* rx */,
				938C9E532231F06E002CA72F /* views */,
				938ACD542230ACD000EAAFDF /* networking */,
				938ACD4F223099A000EAAFDF /* models */,
				938ACD47223095E600EAAFDF /* ChatViewController.swift */,
				938ACD49223095F900EAAFDF /* ChatViewReactor.swift */,
			);
			path = danbee;
			sourceTree = "<group>";
		};
		9357BF092239EC4F004148F1 /* waplace */ = {
			isa = PBXGroup;
			children = (
				9305F056223A77DE00FFDF57 /* expert */,
				9357BF11223A21AE004148F1 /* models */,
				9357BF0E223A1F05004148F1 /* views */,
				9357BF072239EC48004148F1 /* WaPlaceViewController.swift */,
				9357BF0A2239ED79004148F1 /* WaPlaceSearchViewController.swift */,
			);
			path = waplace;
			sourceTree = "<group>";
		};
		9357BF0E223A1F05004148F1 /* views */ = {
			isa = PBXGroup;
			children = (
				9357BF0F223A1F1C004148F1 /* WaplaceTableViewCell.swift */,
				9357BF16223A3337004148F1 /* WaplaceExpertTableViewCell.swift */,
			);
			path = views;
			sourceTree = "<group>";
		};
		9357BF11223A21AE004148F1 /* models */ = {
			isa = PBXGroup;
			children = (
				9357BF12223A21D6004148F1 /* WaplaceMainTableModel.swift */,
				9357BF18223A376B004148F1 /* WaplaceExpertCellModel.swift */,
			);
			path = models;
			sourceTree = "<group>";
		};
		938ACD4F223099A000EAAFDF /* models */ = {
			isa = PBXGroup;
			children = (
				938ACD592230B9C600EAAFDF /* DanbeeWelcomeModel.swift */,
				938ACD6022310AC300EAAFDF /* BubbleModel.swift */,
			);
			path = models;
			sourceTree = "<group>";
		};
		938ACD542230ACD000EAAFDF /* networking */ = {
			isa = PBXGroup;
			children = (
				938ACD552230ACEE00EAAFDF /* DanbeeMoya.swift */,
				938ACD572230AFE600EAAFDF /* DanbeeService.swift */,
			);
			path = networking;
			sourceTree = "<group>";
		};
		938C9E532231F06E002CA72F /* views */ = {
			isa = PBXGroup;
			children = (
				9395E4A92236044800E0E6FC /* AiDanbeeCell.swift */,
				938C9E542231F089002CA72F /* MyDanbeeCell.swift */,
			);
			path = views;
			sourceTree = "<group>";
		};
		938F41C722389CE500D87D4C /* utils */ = {
			isa = PBXGroup;
			children = (
				938F41C822389CF400D87D4C /* CustomPhotoAlbum.swift */,
			);
			path = utils;
			sourceTree = "<group>";
		};
		938FA301223794D400A7E3AB /* album */ = {
			isa = PBXGroup;
			children = (
				938F41C722389CE500D87D4C /* utils */,
				93AA1D57223880F300598E20 /* models */,
				938FA302223794E400A7E3AB /* AlbumViewController.swift */,
				938FA3062237987A00A7E3AB /* AlbumViewModel.swift */,
				938F41D32238F4DD00D87D4C /* AlbumDetailViewController.swift */,
				938FA3042237982A00A7E3AB /* AlbumCollectionViewCell.swift */,
				9357BF052239E590004148F1 /* AlbumSideViewContoller.swift */,
			);
			path = album;
			sourceTree = "<group>";
		};
		9395E4AB22361BBD00E0E6FC /* rx */ = {
			isa = PBXGroup;
			children = (
				9395E4AC22361BCF00E0E6FC /* views */,
			);
			path = rx;
			sourceTree = "<group>";
		};
		9395E4AC22361BCF00E0E6FC /* views */ = {
			isa = PBXGroup;
			children = (
				9395E4AD22361BE300E0E6FC /* ChatRxViewController.swift */,
				9395E4AF22361D6400E0E6FC /* ChatViewModel.swift */,
			);
			path = views;
			sourceTree = "<group>";
		};
		93AA1D57223880F300598E20 /* models */ = {
			isa = PBXGroup;
			children = (
				93AA1D582238812B00598E20 /* PhotoModel.swift */,
			);
			path = models;
			sourceTree = "<group>";
		};
		93AEE816222DFA7E00D98DC9 /* resources */ = {
			isa = PBXGroup;
			children = (
				93AEE817222DFA9C00D98DC9 /* custom_poi_marker.png */,
			);
			path = resources;
			sourceTree = "<group>";
		};
		93AEE819222DFBFD00D98DC9 /* kakao_facebook */ = {
			isa = PBXGroup;
			children = (
				93AEE81A222DFC0B00D98DC9 /* KakaoViewController.swift */,
			);
			path = kakao_facebook;
			sourceTree = "<group>";
		};
		93AEE81C222E29EC00D98DC9 /* rx_swift */ = {
			isa = PBXGroup;
			children = (
				93AEE81F222E310A00D98DC9 /* RxSwiftViewController.swift */,
				93AEE821222E694A00D98DC9 /* ViewModel.swift */,
			);
			path = rx_swift;
			sourceTree = "<group>";
		};
		93C821B9223B6DA1002285BC /* cell */ = {
			isa = PBXGroup;
			children = (
				93C821BA223B6DDD002285BC /* InnerReviewTableViewCell.swift */,
				93C821BD223B8067002285BC /* InnerPortfolioCollectionCell.swift */,
			);
			path = cell;
			sourceTree = "<group>";
		};
		A3EB3F74A02BADA958DCC941 /* Frameworks */ = {
			isa = PBXGroup;
			children = (
				9352FE49222F9417001AD9F8 /* MapKit.framework */,
				9305921C222D08D10005162D /* OpenGLES.framework */,
				9305921A222D08C90005162D /* SystemConfiguration.framework */,
				93059218222D08C00005162D /* CoreLocation.framework */,
				93059216222D08B80005162D /* QuartzCore.framework */,
				93059214222D08AE0005162D /* libsqlite3.tbd */,
				93059212222D08A40005162D /* libxml2.tbd */,
				93059210222D089A0005162D /* libc++.tbd */,
				C7AA2E900C4A200F043EFDF0 /* Pods_SwiftPayMap.framework */,
			);
			name = Frameworks;
			sourceTree = "<group>";
		};
		E58E5322D9AF241D695D95FB /* Pods */ = {
			isa = PBXGroup;
			children = (
				E1E022A065FA5D5832C4FA45 /* Pods-SwiftPayMap.debug.xcconfig */,
				A22119C7DC3D011C7DDC51E6 /* Pods-SwiftPayMap.release.xcconfig */,
			);
			path = Pods;
			sourceTree = "<group>";
		};
/* End PBXGroup section */

/* Begin PBXNativeTarget section */
		930591EE222D01C10005162D /* SwiftPayMap */ = {
			isa = PBXNativeTarget;
			buildConfigurationList = 93059201222D01C30005162D /* Build configuration list for PBXNativeTarget "SwiftPayMap" */;
			buildPhases = (
				75D2FD069BBC8D862095EC4C /* [CP] Check Pods Manifest.lock */,
				930591EB222D01C10005162D /* Sources */,
				930591EC222D01C10005162D /* Frameworks */,
				930591ED222D01C10005162D /* Resources */,
				3266736735F65F3480BDF109 /* [CP] Embed Pods Frameworks */,
				93AEE815222DFA3E00D98DC9 /* Embed Frameworks */,
			);
			buildRules = (
			);
			dependencies = (
			);
			name = SwiftPayMap;
			productName = SwiftPayMap;
			productReference = 930591EF222D01C10005162D /* SwiftPayMap.app */;
			productType = "com.apple.product-type.application";
		};
/* End PBXNativeTarget section */

/* Begin PBXProject section */
		930591E7222D01C10005162D /* Project object */ = {
			isa = PBXProject;
			attributes = {
				LastSwiftUpdateCheck = 1010;
				LastUpgradeCheck = 1010;
				ORGANIZATIONNAME = "KyungSeok Lee";
				TargetAttributes = {
					930591EE222D01C10005162D = {
						CreatedOnToolsVersion = 10.1;
						LastSwiftMigration = 1010;
						SystemCapabilities = {
							com.apple.Maps.iOS = {
								enabled = 1;
							};
						};
					};
				};
			};
			buildConfigurationList = 930591EA222D01C10005162D /* Build configuration list for PBXProject "SwiftPayMap" */;
			compatibilityVersion = "Xcode 9.3";
			developmentRegion = en;
			hasScannedForEncodings = 0;
			knownRegions = (
				en,
				Base,
			);
			mainGroup = 930591E6222D01C10005162D;
			productRefGroup = 930591F0222D01C10005162D /* Products */;
			projectDirPath = "";
			projectRoot = "";
			targets = (
				930591EE222D01C10005162D /* SwiftPayMap */,
			);
		};
/* End PBXProject section */

/* Begin PBXResourcesBuildPhase section */
		930591ED222D01C10005162D /* Resources */ = {
			isa = PBXResourcesBuildPhase;
			buildActionMask = 2147483647;
			files = (
				930591FD222D01C30005162D /* LaunchScreen.storyboard in Resources */,
				930591FA222D01C30005162D /* Assets.xcassets in Resources */,
				930591F8222D01C10005162D /* Main.storyboard in Resources */,
				93AEE818222DFA9C00D98DC9 /* custom_poi_marker.png in Resources */,
			);
			runOnlyForDeploymentPostprocessing = 0;
		};
/* End PBXResourcesBuildPhase section */

/* Begin PBXShellScriptBuildPhase section */
		3266736735F65F3480BDF109 /* [CP] Embed Pods Frameworks */ = {
			isa = PBXShellScriptBuildPhase;
			buildActionMask = 2147483647;
			files = (
			);
			inputFileListPaths = (
			);
			inputPaths = (
				"${PODS_ROOT}/Target Support Files/Pods-SwiftPayMap/Pods-SwiftPayMap-frameworks.sh",
				"${BUILT_PRODUCTS_DIR}/Alamofire/Alamofire.framework",
				"${BUILT_PRODUCTS_DIR}/Bolts/Bolts.framework",
				"${BUILT_PRODUCTS_DIR}/Differentiator/Differentiator.framework",
				"${BUILT_PRODUCTS_DIR}/FBSDKCoreKit/FBSDKCoreKit.framework",
				"${BUILT_PRODUCTS_DIR}/FBSDKLoginKit/FBSDKLoginKit.framework",
				"${BUILT_PRODUCTS_DIR}/FacebookCore/FacebookCore.framework",
				"${BUILT_PRODUCTS_DIR}/FacebookLogin/FacebookLogin.framework",
				"${BUILT_PRODUCTS_DIR}/Hero/Hero.framework",
				"${BUILT_PRODUCTS_DIR}/Kingfisher/Kingfisher.framework",
				"${BUILT_PRODUCTS_DIR}/Moya/Moya.framework",
				"${BUILT_PRODUCTS_DIR}/ObjectMapper/ObjectMapper.framework",
				"${BUILT_PRODUCTS_DIR}/ReactorKit/ReactorKit.framework",
				"${BUILT_PRODUCTS_DIR}/Result/Result.framework",
				"${BUILT_PRODUCTS_DIR}/ReusableKit/ReusableKit.framework",
				"${BUILT_PRODUCTS_DIR}/RxAlamofire/RxAlamofire.framework",
				"${BUILT_PRODUCTS_DIR}/RxAtomic/RxAtomic.framework",
				"${BUILT_PRODUCTS_DIR}/RxCocoa/RxCocoa.framework",
				"${BUILT_PRODUCTS_DIR}/RxDataSources/RxDataSources.framework",
				"${BUILT_PRODUCTS_DIR}/RxKeyboard/RxKeyboard.framework",
				"${BUILT_PRODUCTS_DIR}/RxOptional/RxOptional.framework",
				"${BUILT_PRODUCTS_DIR}/RxSwift/RxSwift.framework",
				"${BUILT_PRODUCTS_DIR}/RxViewController/RxViewController.framework",
				"${BUILT_PRODUCTS_DIR}/SideMenu/SideMenu.framework",
				"${BUILT_PRODUCTS_DIR}/SnapKit/SnapKit.framework",
				"${BUILT_PRODUCTS_DIR}/SwiftyJSON/SwiftyJSON.framework",
				"${BUILT_PRODUCTS_DIR}/Then/Then.framework",
			);
			name = "[CP] Embed Pods Frameworks";
			outputFileListPaths = (
			);
			outputPaths = (
				"${TARGET_BUILD_DIR}/${FRAMEWORKS_FOLDER_PATH}/Alamofire.framework",
				"${TARGET_BUILD_DIR}/${FRAMEWORKS_FOLDER_PATH}/Bolts.framework",
				"${TARGET_BUILD_DIR}/${FRAMEWORKS_FOLDER_PATH}/Differentiator.framework",
				"${TARGET_BUILD_DIR}/${FRAMEWORKS_FOLDER_PATH}/FBSDKCoreKit.framework",
				"${TARGET_BUILD_DIR}/${FRAMEWORKS_FOLDER_PATH}/FBSDKLoginKit.framework",
				"${TARGET_BUILD_DIR}/${FRAMEWORKS_FOLDER_PATH}/FacebookCore.framework",
				"${TARGET_BUILD_DIR}/${FRAMEWORKS_FOLDER_PATH}/FacebookLogin.framework",
				"${TARGET_BUILD_DIR}/${FRAMEWORKS_FOLDER_PATH}/Hero.framework",
				"${TARGET_BUILD_DIR}/${FRAMEWORKS_FOLDER_PATH}/Kingfisher.framework",
				"${TARGET_BUILD_DIR}/${FRAMEWORKS_FOLDER_PATH}/Moya.framework",
				"${TARGET_BUILD_DIR}/${FRAMEWORKS_FOLDER_PATH}/ObjectMapper.framework",
				"${TARGET_BUILD_DIR}/${FRAMEWORKS_FOLDER_PATH}/ReactorKit.framework",
				"${TARGET_BUILD_DIR}/${FRAMEWORKS_FOLDER_PATH}/Result.framework",
				"${TARGET_BUILD_DIR}/${FRAMEWORKS_FOLDER_PATH}/ReusableKit.framework",
				"${TARGET_BUILD_DIR}/${FRAMEWORKS_FOLDER_PATH}/RxAlamofire.framework",
				"${TARGET_BUILD_DIR}/${FRAMEWORKS_FOLDER_PATH}/RxAtomic.framework",
				"${TARGET_BUILD_DIR}/${FRAMEWORKS_FOLDER_PATH}/RxCocoa.framework",
				"${TARGET_BUILD_DIR}/${FRAMEWORKS_FOLDER_PATH}/RxDataSources.framework",
				"${TARGET_BUILD_DIR}/${FRAMEWORKS_FOLDER_PATH}/RxKeyboard.framework",
				"${TARGET_BUILD_DIR}/${FRAMEWORKS_FOLDER_PATH}/RxOptional.framework",
				"${TARGET_BUILD_DIR}/${FRAMEWORKS_FOLDER_PATH}/RxSwift.framework",
				"${TARGET_BUILD_DIR}/${FRAMEWORKS_FOLDER_PATH}/RxViewController.framework",
				"${TARGET_BUILD_DIR}/${FRAMEWORKS_FOLDER_PATH}/SideMenu.framework",
				"${TARGET_BUILD_DIR}/${FRAMEWORKS_FOLDER_PATH}/SnapKit.framework",
				"${TARGET_BUILD_DIR}/${FRAMEWORKS_FOLDER_PATH}/SwiftyJSON.framework",
				"${TARGET_BUILD_DIR}/${FRAMEWORKS_FOLDER_PATH}/Then.framework",
			);
			runOnlyForDeploymentPostprocessing = 0;
			shellPath = /bin/sh;
			shellScript = "\"${PODS_ROOT}/Target Support Files/Pods-SwiftPayMap/Pods-SwiftPayMap-frameworks.sh\"\n";
			showEnvVarsInLog = 0;
		};
		75D2FD069BBC8D862095EC4C /* [CP] Check Pods Manifest.lock */ = {
			isa = PBXShellScriptBuildPhase;
			buildActionMask = 2147483647;
			files = (
			);
			inputFileListPaths = (
			);
			inputPaths = (
				"${PODS_PODFILE_DIR_PATH}/Podfile.lock",
				"${PODS_ROOT}/Manifest.lock",
			);
			name = "[CP] Check Pods Manifest.lock";
			outputFileListPaths = (
			);
			outputPaths = (
				"$(DERIVED_FILE_DIR)/Pods-SwiftPayMap-checkManifestLockResult.txt",
			);
			runOnlyForDeploymentPostprocessing = 0;
			shellPath = /bin/sh;
			shellScript = "diff \"${PODS_PODFILE_DIR_PATH}/Podfile.lock\" \"${PODS_ROOT}/Manifest.lock\" > /dev/null\nif [ $? != 0 ] ; then\n    # print error to STDERR\n    echo \"error: The sandbox is not in sync with the Podfile.lock. Run 'pod install' or update your CocoaPods installation.\" >&2\n    exit 1\nfi\n# This output is used by Xcode 'outputs' to avoid re-running this script phase.\necho \"SUCCESS\" > \"${SCRIPT_OUTPUT_FILE_0}\"\n";
			showEnvVarsInLog = 0;
		};
/* End PBXShellScriptBuildPhase section */

/* Begin PBXSourcesBuildPhase section */
		930591EB222D01C10005162D /* Sources */ = {
			isa = PBXSourcesBuildPhase;
			buildActionMask = 2147483647;
			files = (
				9395E4AA2236044800E0E6FC /* AiDanbeeCell.swift in Sources */,
				938C9E552231F089002CA72F /* MyDanbeeCell.swift in Sources */,
				9352FE2D222F5B5A001AD9F8 /* ReactorKitViewController.swift in Sources */,
				93AEE81B222DFC0B00D98DC9 /* KakaoViewController.swift in Sources */,
				93AEE822222E694A00D98DC9 /* ViewModel.swift in Sources */,
				93059221222D0C0B0005162D /* PGViewController.swift in Sources */,
				938FA303223794E400A7E3AB /* AlbumViewController.swift in Sources */,
				930591F3222D01C10005162D /* AppDelegate.swift in Sources */,
				9357BF0B2239ED79004148F1 /* WaPlaceSearchViewController.swift in Sources */,
				938FA3052237982A00A7E3AB /* AlbumCollectionViewCell.swift in Sources */,
				9357BF17223A3337004148F1 /* WaplaceExpertTableViewCell.swift in Sources */,
				9357BF19223A376B004148F1 /* WaplaceExpertCellModel.swift in Sources */,
				9352FE43222F8303001AD9F8 /* PhotoCell.swift in Sources */,
				9352FE37222F7A49001AD9F8 /* PhotoListViewController.swift in Sources */,
				9395E4B022361D6400E0E6FC /* ChatViewModel.swift in Sources */,
				938FA3072237987A00A7E3AB /* AlbumViewModel.swift in Sources */,
				9352FE3C222F7B1D001AD9F8 /* Photos.swift in Sources */,
				9357BF13223A21D6004148F1 /* WaplaceMainTableModel.swift in Sources */,
				9352FE31222F5B7A001AD9F8 /* ReactorKitReactor.swift in Sources */,
				9352FE45222F86E7001AD9F8 /* DetailViewController.swift in Sources */,
				9357BF10223A1F1C004148F1 /* WaplaceTableViewCell.swift in Sources */,
				9352FE34222F68E6001AD9F8 /* UIView+Extension.swift in Sources */,
				9352FE3E222F7BA5001AD9F8 /* Photo.swift in Sources */,
				9305F055223A77C200FFDF57 /* WaplaceExpertDetailViewController.swift in Sources */,
				938ACD582230AFE600EAAFDF /* DanbeeService.swift in Sources */,
				9305920B222D05E80005162D /* DaumViewController.swift in Sources */,
				9357BF082239EC48004148F1 /* WaPlaceViewController.swift in Sources */,
				93AEE820222E310A00D98DC9 /* RxSwiftViewController.swift in Sources */,
				935F12DE222D37B300D3D4B1 /* Bridge.m in Sources */,
				9352FE48222F93BD001AD9F8 /* AppleMapViewController.swift in Sources */,
				9352FE41222F7EFE001AD9F8 /* AppService.swift in Sources */,
				93C821BE223B8067002285BC /* InnerPortfolioCollectionCell.swift in Sources */,
				938ACD6122310AC300EAAFDF /* BubbleModel.swift in Sources */,
				938F41C922389CF400D87D4C /* CustomPhotoAlbum.swift in Sources */,
				9357BF15223A30CE004148F1 /* WaplaceExpertViewController.swift in Sources */,
				938ACD4A223095F900EAAFDF /* ChatViewReactor.swift in Sources */,
				93059208222D027E0005162D /* HomeViewController.swift in Sources */,
				938ACD48223095E600EAAFDF /* ChatViewController.swift in Sources */,
				9357BF062239E590004148F1 /* AlbumSideViewContoller.swift in Sources */,
				938ACD562230ACEE00EAAFDF /* DanbeeMoya.swift in Sources */,
				9357BF042239D9C8004148F1 /* PHAsset+Extension.swift in Sources */,
				9352FE39222F7AA6001AD9F8 /* PhotoListViewReactor.swift in Sources */,
				93C821BB223B6DDD002285BC /* InnerReviewTableViewCell.swift in Sources */,
				93AA1D592238812B00598E20 /* PhotoModel.swift in Sources */,
				938F41D42238F4DD00D87D4C /* AlbumDetailViewController.swift in Sources */,
				9395E4AE22361BE300E0E6FC /* ChatRxViewController.swift in Sources */,
				938ACD5A2230B9C600EAAFDF /* DanbeeWelcomeModel.swift in Sources */,
				9357BF0D2239F199004148F1 /* UIColor+Extension.swift in Sources */,
			);
			runOnlyForDeploymentPostprocessing = 0;
		};
/* End PBXSourcesBuildPhase section */

/* Begin PBXVariantGroup section */
		930591F6222D01C10005162D /* Main.storyboard */ = {
			isa = PBXVariantGroup;
			children = (
				930591F7222D01C10005162D /* Base */,
			);
			name = Main.storyboard;
			sourceTree = "<group>";
		};
		930591FB222D01C30005162D /* LaunchScreen.storyboard */ = {
			isa = PBXVariantGroup;
			children = (
				930591FC222D01C30005162D /* Base */,
			);
			name = LaunchScreen.storyboard;
			sourceTree = "<group>";
		};
/* End PBXVariantGroup section */

/* Begin XCBuildConfiguration section */
		930591FF222D01C30005162D /* Debug */ = {
			isa = XCBuildConfiguration;
			buildSettings = {
				ALWAYS_SEARCH_USER_PATHS = NO;
				CLANG_ANALYZER_NONNULL = YES;
				CLANG_ANALYZER_NUMBER_OBJECT_CONVERSION = YES_AGGRESSIVE;
				CLANG_CXX_LANGUAGE_STANDARD = "gnu++14";
				CLANG_CXX_LIBRARY = "libc++";
				CLANG_ENABLE_MODULES = YES;
				CLANG_ENABLE_OBJC_ARC = YES;
				CLANG_ENABLE_OBJC_WEAK = YES;
				CLANG_WARN_BLOCK_CAPTURE_AUTORELEASING = YES;
				CLANG_WARN_BOOL_CONVERSION = YES;
				CLANG_WARN_COMMA = YES;
				CLANG_WARN_CONSTANT_CONVERSION = YES;
				CLANG_WARN_DEPRECATED_OBJC_IMPLEMENTATIONS = YES;
				CLANG_WARN_DIRECT_OBJC_ISA_USAGE = YES_ERROR;
				CLANG_WARN_DOCUMENTATION_COMMENTS = YES;
				CLANG_WARN_EMPTY_BODY = YES;
				CLANG_WARN_ENUM_CONVERSION = YES;
				CLANG_WARN_INFINITE_RECURSION = YES;
				CLANG_WARN_INT_CONVERSION = YES;
				CLANG_WARN_NON_LITERAL_NULL_CONVERSION = YES;
				CLANG_WARN_OBJC_IMPLICIT_RETAIN_SELF = YES;
				CLANG_WARN_OBJC_LITERAL_CONVERSION = YES;
				CLANG_WARN_OBJC_ROOT_CLASS = YES_ERROR;
				CLANG_WARN_RANGE_LOOP_ANALYSIS = YES;
				CLANG_WARN_STRICT_PROTOTYPES = YES;
				CLANG_WARN_SUSPICIOUS_MOVE = YES;
				CLANG_WARN_UNGUARDED_AVAILABILITY = YES_AGGRESSIVE;
				CLANG_WARN_UNREACHABLE_CODE = YES;
				CLANG_WARN__DUPLICATE_METHOD_MATCH = YES;
				CODE_SIGN_IDENTITY = "iPhone Developer";
				COPY_PHASE_STRIP = NO;
				DEBUG_INFORMATION_FORMAT = dwarf;
				ENABLE_STRICT_OBJC_MSGSEND = YES;
				ENABLE_TESTABILITY = YES;
				GCC_C_LANGUAGE_STANDARD = gnu11;
				GCC_DYNAMIC_NO_PIC = NO;
				GCC_NO_COMMON_BLOCKS = YES;
				GCC_OPTIMIZATION_LEVEL = 0;
				GCC_PREPROCESSOR_DEFINITIONS = (
					"DEBUG=1",
					"$(inherited)",
				);
				GCC_WARN_64_TO_32_BIT_CONVERSION = YES;
				GCC_WARN_ABOUT_RETURN_TYPE = YES_ERROR;
				GCC_WARN_UNDECLARED_SELECTOR = YES;
				GCC_WARN_UNINITIALIZED_AUTOS = YES_AGGRESSIVE;
				GCC_WARN_UNUSED_FUNCTION = YES;
				GCC_WARN_UNUSED_VARIABLE = YES;
				IPHONEOS_DEPLOYMENT_TARGET = 12.1;
				MTL_ENABLE_DEBUG_INFO = INCLUDE_SOURCE;
				MTL_FAST_MATH = YES;
				ONLY_ACTIVE_ARCH = YES;
				SDKROOT = iphoneos;
				SWIFT_ACTIVE_COMPILATION_CONDITIONS = DEBUG;
				SWIFT_OPTIMIZATION_LEVEL = "-Onone";
			};
			name = Debug;
		};
		93059200222D01C30005162D /* Release */ = {
			isa = XCBuildConfiguration;
			buildSettings = {
				ALWAYS_SEARCH_USER_PATHS = NO;
				CLANG_ANALYZER_NONNULL = YES;
				CLANG_ANALYZER_NUMBER_OBJECT_CONVERSION = YES_AGGRESSIVE;
				CLANG_CXX_LANGUAGE_STANDARD = "gnu++14";
				CLANG_CXX_LIBRARY = "libc++";
				CLANG_ENABLE_MODULES = YES;
				CLANG_ENABLE_OBJC_ARC = YES;
				CLANG_ENABLE_OBJC_WEAK = YES;
				CLANG_WARN_BLOCK_CAPTURE_AUTORELEASING = YES;
				CLANG_WARN_BOOL_CONVERSION = YES;
				CLANG_WARN_COMMA = YES;
				CLANG_WARN_CONSTANT_CONVERSION = YES;
				CLANG_WARN_DEPRECATED_OBJC_IMPLEMENTATIONS = YES;
				CLANG_WARN_DIRECT_OBJC_ISA_USAGE = YES_ERROR;
				CLANG_WARN_DOCUMENTATION_COMMENTS = YES;
				CLANG_WARN_EMPTY_BODY = YES;
				CLANG_WARN_ENUM_CONVERSION = YES;
				CLANG_WARN_INFINITE_RECURSION = YES;
				CLANG_WARN_INT_CONVERSION = YES;
				CLANG_WARN_NON_LITERAL_NULL_CONVERSION = YES;
				CLANG_WARN_OBJC_IMPLICIT_RETAIN_SELF = YES;
				CLANG_WARN_OBJC_LITERAL_CONVERSION = YES;
				CLANG_WARN_OBJC_ROOT_CLASS = YES_ERROR;
				CLANG_WARN_RANGE_LOOP_ANALYSIS = YES;
				CLANG_WARN_STRICT_PROTOTYPES = YES;
				CLANG_WARN_SUSPICIOUS_MOVE = YES;
				CLANG_WARN_UNGUARDED_AVAILABILITY = YES_AGGRESSIVE;
				CLANG_WARN_UNREACHABLE_CODE = YES;
				CLANG_WARN__DUPLICATE_METHOD_MATCH = YES;
				CODE_SIGN_IDENTITY = "iPhone Developer";
				COPY_PHASE_STRIP = NO;
				DEBUG_INFORMATION_FORMAT = "dwarf-with-dsym";
				ENABLE_NS_ASSERTIONS = NO;
				ENABLE_STRICT_OBJC_MSGSEND = YES;
				GCC_C_LANGUAGE_STANDARD = gnu11;
				GCC_NO_COMMON_BLOCKS = YES;
				GCC_WARN_64_TO_32_BIT_CONVERSION = YES;
				GCC_WARN_ABOUT_RETURN_TYPE = YES_ERROR;
				GCC_WARN_UNDECLARED_SELECTOR = YES;
				GCC_WARN_UNINITIALIZED_AUTOS = YES_AGGRESSIVE;
				GCC_WARN_UNUSED_FUNCTION = YES;
				GCC_WARN_UNUSED_VARIABLE = YES;
				IPHONEOS_DEPLOYMENT_TARGET = 12.1;
				MTL_ENABLE_DEBUG_INFO = NO;
				MTL_FAST_MATH = YES;
				SDKROOT = iphoneos;
				SWIFT_COMPILATION_MODE = wholemodule;
				SWIFT_OPTIMIZATION_LEVEL = "-O";
				VALIDATE_PRODUCT = YES;
			};
			name = Release;
		};
		93059202222D01C30005162D /* Debug */ = {
			isa = XCBuildConfiguration;
			baseConfigurationReference = E1E022A065FA5D5832C4FA45 /* Pods-SwiftPayMap.debug.xcconfig */;
			buildSettings = {
				ASSETCATALOG_COMPILER_APPICON_NAME = AppIcon;
				CLANG_ENABLE_MODULES = YES;
				CLANG_ENABLE_OBJC_ARC = NO;
				CODE_SIGN_IDENTITY = "iPhone Developer";
				CODE_SIGN_STYLE = Automatic;
				DEVELOPMENT_TEAM = 9H9765TZHW;
				FRAMEWORK_SEARCH_PATHS = (
					"$(inherited)",
					"$(PROJECT_DIR)",
				);
				INFOPLIST_FILE = SwiftPayMap/Info.plist;
				IPHONEOS_DEPLOYMENT_TARGET = 10.0;
				LD_RUNPATH_SEARCH_PATHS = (
					"$(inherited)",
					"@executable_path/Frameworks",
				);
				PRODUCT_BUNDLE_IDENTIFIER = com.ysnzp.SwiftPay;
				PRODUCT_NAME = "$(TARGET_NAME)";
				PROVISIONING_PROFILE_SPECIFIER = "";
				SWIFT_OBJC_BRIDGING_HEADER = "SwiftPayMap/SwiftPayMap-Bridging-Header.h";
				SWIFT_OPTIMIZATION_LEVEL = "-Onone";
				SWIFT_VERSION = 4.2;
				TARGETED_DEVICE_FAMILY = "1,2";
			};
			name = Debug;
		};
		93059203222D01C30005162D /* Release */ = {
			isa = XCBuildConfiguration;
			baseConfigurationReference = A22119C7DC3D011C7DDC51E6 /* Pods-SwiftPayMap.release.xcconfig */;
			buildSettings = {
				ASSETCATALOG_COMPILER_APPICON_NAME = AppIcon;
				CLANG_ENABLE_MODULES = YES;
				CLANG_ENABLE_OBJC_ARC = NO;
				CODE_SIGN_IDENTITY = "iPhone Developer";
				CODE_SIGN_STYLE = Automatic;
				DEVELOPMENT_TEAM = 9H9765TZHW;
				FRAMEWORK_SEARCH_PATHS = (
					"$(inherited)",
					"$(PROJECT_DIR)",
				);
				INFOPLIST_FILE = SwiftPayMap/Info.plist;
				IPHONEOS_DEPLOYMENT_TARGET = 10.0;
				LD_RUNPATH_SEARCH_PATHS = (
					"$(inherited)",
					"@executable_path/Frameworks",
				);
				PRODUCT_BUNDLE_IDENTIFIER = com.ysnzp.SwiftPay;
				PRODUCT_NAME = "$(TARGET_NAME)";
				PROVISIONING_PROFILE_SPECIFIER = "";
				SWIFT_OBJC_BRIDGING_HEADER = "SwiftPayMap/SwiftPayMap-Bridging-Header.h";
				SWIFT_VERSION = 4.2;
				TARGETED_DEVICE_FAMILY = "1,2";
			};
			name = Release;
		};
/* End XCBuildConfiguration section */

/* Begin XCConfigurationList section */
		930591EA222D01C10005162D /* Build configuration list for PBXProject "SwiftPayMap" */ = {
			isa = XCConfigurationList;
			buildConfigurations = (
				930591FF222D01C30005162D /* Debug */,
				93059200222D01C30005162D /* Release */,
			);
			defaultConfigurationIsVisible = 0;
			defaultConfigurationName = Release;
		};
		93059201222D01C30005162D /* Build configuration list for PBXNativeTarget "SwiftPayMap" */ = {
			isa = XCConfigurationList;
			buildConfigurations = (
				93059202222D01C30005162D /* Debug */,
				93059203222D01C30005162D /* Release */,
			);
			defaultConfigurationIsVisible = 0;
			defaultConfigurationName = Release;
		};
/* End XCConfigurationList section */
	};
	rootObject = 930591E7222D01C10005162D /* Project object */;
}
